
Microsoft Visual Studio Solution File, Format Version 12.00
# Visual Studio 2010
Project("{FAE04EC0-301F-11D3-BF4B-00C04F79EFBC}") = "WebAssetBundler", "WebAssetBundler\WebAssetBundler.csproj", "{2AC03817-4112-47FE-AF34-44A8AE4717AB}"
EndProject
Project("{FAE04EC0-301F-11D3-BF4B-00C04F79EFBC}") = "Examples", "Examples\Examples.csproj", "{CFA5D4E1-15BE-4921-81A9-61951B12BCBD}"
EndProject
Project("{FAE04EC0-301F-11D3-BF4B-00C04F79EFBC}") = "WebAssetBundler.Tests", "WebAssetBundler.Tests\WebAssetBundler.Tests.csproj", "{625B8BE8-CB57-4033-842A-CFBF16CAD089}"
EndProject
Global
	GlobalSection(TestCaseManagementSettings) = postSolution
		CategoryFile = ResourceCompiler.vsmdi
	EndGlobalSection
	GlobalSection(SolutionConfigurationPlatforms) = preSolution
		Debug|Any CPU = Debug|Any CPU
		Debug|Mixed Platforms = Debug|Mixed Platforms
		Debug|x86 = Debug|x86
		Release|Any CPU = Release|Any CPU
		Release|Mixed Platforms = Release|Mixed Platforms
		Release|x86 = Release|x86
	EndGlobalSection
	GlobalSection(ProjectConfigurationPlatforms) = postSolution
		{2AC03817-4112-47FE-AF34-44A8AE4717AB}.Debug|Any CPU.ActiveCfg = Debug|Any CPU
		{2AC03817-4112-47FE-AF34-44A8AE4717AB}.Debug|Any CPU.Build.0 = Debug|Any CPU
		{2AC03817-4112-47FE-AF34-44A8AE4717AB}.Debug|Mixed Platforms.ActiveCfg = Debug|Any CPU
		{2AC03817-4112-47FE-AF34-44A8AE4717AB}.Debug|Mixed Platforms.Build.0 = Debug|Any CPU
		{2AC03817-4112-47FE-AF34-44A8AE4717AB}.Debug|x86.ActiveCfg = Debug|Any CPU
		{2AC03817-4112-47FE-AF34-44A8AE4717AB}.Release|Any CPU.ActiveCfg = Release|Any CPU
		{2AC03817-4112-47FE-AF34-44A8AE4717AB}.Release|Any CPU.Build.0 = Release|Any CPU
		{2AC03817-4112-47FE-AF34-44A8AE4717AB}.Release|Mixed Platforms.ActiveCfg = Release|Any CPU
		{2AC03817-4112-47FE-AF34-44A8AE4717AB}.Release|Mixed Platforms.Build.0 = Release|Any CPU
		{2AC03817-4112-47FE-AF34-44A8AE4717AB}.Release|x86.ActiveCfg = Release|Any CPU
		{CFA5D4E1-15BE-4921-81A9-61951B12BCBD}.Debug|Any CPU.ActiveCfg = Debug|Any CPU
		{CFA5D4E1-15BE-4921-81A9-61951B12BCBD}.Debug|Any CPU.Build.0 = Debug|Any CPU
		{CFA5D4E1-15BE-4921-81A9-61951B12BCBD}.Debug|Mixed Platforms.ActiveCfg = Debug|Any CPU
		{CFA5D4E1-15BE-4921-81A9-61951B12BCBD}.Debug|Mixed Platforms.Build.0 = Debug|Any CPU
		{CFA5D4E1-15BE-4921-81A9-61951B12BCBD}.Debug|x86.ActiveCfg = Debug|Any CPU
		{CFA5D4E1-15BE-4921-81A9-61951B12BCBD}.Release|Any CPU.ActiveCfg = Release|Any CPU
		{CFA5D4E1-15BE-4921-81A9-61951B12BCBD}.Release|Any CPU.Build.0 = Release|Any CPU
		{CFA5D4E1-15BE-4921-81A9-61951B12BCBD}.Release|Mixed Platforms.ActiveCfg = Release|Any CPU
		{CFA5D4E1-15BE-4921-81A9-61951B12BCBD}.Release|Mixed Platforms.Build.0 = Release|Any CPU
		{CFA5D4E1-15BE-4921-81A9-61951B12BCBD}.Release|x86.ActiveCfg = Release|Any CPU
		{625B8BE8-CB57-4033-842A-CFBF16CAD089}.Debug|Any CPU.ActiveCfg = Debug|Any CPU
		{625B8BE8-CB57-4033-842A-CFBF16CAD089}.Debug|Any CPU.Build.0 = Debug|Any CPU
		{625B8BE8-CB57-4033-842A-CFBF16CAD089}.Debug|Mixed Platforms.ActiveCfg = Debug|Any CPU
		{625B8BE8-CB57-4033-842A-CFBF16CAD089}.Debug|Mixed Platforms.Build.0 = Debug|Any CPU
		{625B8BE8-CB57-4033-842A-CFBF16CAD089}.Debug|x86.ActiveCfg = Debug|Any CPU
		{625B8BE8-CB57-4033-842A-CFBF16CAD089}.Release|Any CPU.ActiveCfg = Release|Any CPU
		{625B8BE8-CB57-4033-842A-CFBF16CAD089}.Release|Any CPU.Build.0 = Release|Any CPU
		{625B8BE8-CB57-4033-842A-CFBF16CAD089}.Release|Mixed Platforms.ActiveCfg = Release|Any CPU
		{625B8BE8-CB57-4033-842A-CFBF16CAD089}.Release|Mixed Platforms.Build.0 = Release|Any CPU
		{625B8BE8-CB57-4033-842A-CFBF16CAD089}.Release|x86.ActiveCfg = Release|Any CPU
	EndGlobalSection
	GlobalSection(SolutionProperties) = preSolution
		HideSolutionNode = FALSE
	EndGlobalSection
EndGlobal
