
Microsoft Visual Studio Solution File, Format Version 11.00
# Visual Studio 2010
Project("{FAE04EC0-301F-11D3-BF4B-00C04F79EFBC}") = "ResourceCompiler", "ResourceCompiler\ResourceCompiler.csproj", "{2AC03817-4112-47FE-AF34-44A8AE4717AB}"
EndProject
Project("{FAE04EC0-301F-11D3-BF4B-00C04F79EFBC}") = "Examples", "Examples\Examples.csproj", "{8D915FC4-7DD8-4EB3-8A4B-D1804A97B00A}"
EndProject
Project("{FAE04EC0-301F-11D3-BF4B-00C04F79EFBC}") = "Tests", "Tests\Tests.csproj", "{9FEF5FAF-C2E6-4943-ACCC-7B89C13013C0}"
EndProject
Global
	GlobalSection(TestCaseManagementSettings) = postSolution
		CategoryFile = ResourceCompiler.vsmdi
	EndGlobalSection
	GlobalSection(SolutionConfigurationPlatforms) = preSolution
		Debug|Any CPU = Debug|Any CPU
		Debug|Mixed Platforms = Debug|Mixed Platforms
		Debug|x86 = Debug|x86
		Release|Any CPU = Release|Any CPU
		Release|Mixed Platforms = Release|Mixed Platforms
		Release|x86 = Release|x86
	EndGlobalSection
	GlobalSection(ProjectConfigurationPlatforms) = postSolution
		{2AC03817-4112-47FE-AF34-44A8AE4717AB}.Debug|Any CPU.ActiveCfg = Debug|Any CPU
		{2AC03817-4112-47FE-AF34-44A8AE4717AB}.Debug|Any CPU.Build.0 = Debug|Any CPU
		{2AC03817-4112-47FE-AF34-44A8AE4717AB}.Debug|Mixed Platforms.ActiveCfg = Debug|Any CPU
		{2AC03817-4112-47FE-AF34-44A8AE4717AB}.Debug|Mixed Platforms.Build.0 = Debug|Any CPU
		{2AC03817-4112-47FE-AF34-44A8AE4717AB}.Debug|x86.ActiveCfg = Debug|Any CPU
		{2AC03817-4112-47FE-AF34-44A8AE4717AB}.Release|Any CPU.ActiveCfg = Release|Any CPU
		{2AC03817-4112-47FE-AF34-44A8AE4717AB}.Release|Any CPU.Build.0 = Release|Any CPU
		{2AC03817-4112-47FE-AF34-44A8AE4717AB}.Release|Mixed Platforms.ActiveCfg = Release|Any CPU
		{2AC03817-4112-47FE-AF34-44A8AE4717AB}.Release|Mixed Platforms.Build.0 = Release|Any CPU
		{2AC03817-4112-47FE-AF34-44A8AE4717AB}.Release|x86.ActiveCfg = Release|Any CPU
		{8D915FC4-7DD8-4EB3-8A4B-D1804A97B00A}.Debug|Any CPU.ActiveCfg = Debug|Any CPU
		{8D915FC4-7DD8-4EB3-8A4B-D1804A97B00A}.Debug|Any CPU.Build.0 = Debug|Any CPU
		{8D915FC4-7DD8-4EB3-8A4B-D1804A97B00A}.Debug|Mixed Platforms.ActiveCfg = Debug|Any CPU
		{8D915FC4-7DD8-4EB3-8A4B-D1804A97B00A}.Debug|Mixed Platforms.Build.0 = Debug|Any CPU
		{8D915FC4-7DD8-4EB3-8A4B-D1804A97B00A}.Debug|x86.ActiveCfg = Debug|Any CPU
		{8D915FC4-7DD8-4EB3-8A4B-D1804A97B00A}.Release|Any CPU.ActiveCfg = Release|Any CPU
		{8D915FC4-7DD8-4EB3-8A4B-D1804A97B00A}.Release|Any CPU.Build.0 = Release|Any CPU
		{8D915FC4-7DD8-4EB3-8A4B-D1804A97B00A}.Release|Mixed Platforms.ActiveCfg = Release|Any CPU
		{8D915FC4-7DD8-4EB3-8A4B-D1804A97B00A}.Release|Mixed Platforms.Build.0 = Release|Any CPU
		{8D915FC4-7DD8-4EB3-8A4B-D1804A97B00A}.Release|x86.ActiveCfg = Release|Any CPU
		{9FEF5FAF-C2E6-4943-ACCC-7B89C13013C0}.Debug|Any CPU.ActiveCfg = Debug|Any CPU
		{9FEF5FAF-C2E6-4943-ACCC-7B89C13013C0}.Debug|Any CPU.Build.0 = Debug|Any CPU
		{9FEF5FAF-C2E6-4943-ACCC-7B89C13013C0}.Debug|Mixed Platforms.ActiveCfg = Debug|Any CPU
		{9FEF5FAF-C2E6-4943-ACCC-7B89C13013C0}.Debug|Mixed Platforms.Build.0 = Debug|Any CPU
		{9FEF5FAF-C2E6-4943-ACCC-7B89C13013C0}.Debug|x86.ActiveCfg = Debug|Any CPU
		{9FEF5FAF-C2E6-4943-ACCC-7B89C13013C0}.Release|Any CPU.ActiveCfg = Release|Any CPU
		{9FEF5FAF-C2E6-4943-ACCC-7B89C13013C0}.Release|Any CPU.Build.0 = Release|Any CPU
		{9FEF5FAF-C2E6-4943-ACCC-7B89C13013C0}.Release|Mixed Platforms.ActiveCfg = Release|Any CPU
		{9FEF5FAF-C2E6-4943-ACCC-7B89C13013C0}.Release|Mixed Platforms.Build.0 = Release|Any CPU
		{9FEF5FAF-C2E6-4943-ACCC-7B89C13013C0}.Release|x86.ActiveCfg = Release|Any CPU
	EndGlobalSection
	GlobalSection(SolutionProperties) = preSolution
		HideSolutionNode = FALSE
	EndGlobalSection
EndGlobal
